<?xml version="1.0" encoding="UTF-8" standalone="yes" ?>
<CodeBlocks_project_file>
	<FileVersion major="1" minor="6" />
	<Project>
		<Option title="MessageMaker" />
		<Option pch_mode="2" />
		<Option compiler="gcc" />
		<Build>
			<Target title="Unicode Win32">
				<Option output="./Unicode/MessageMaker" prefix_auto="1" extension_auto="1" />
				<Option working_dir="" />
				<Option object_output="./Unicode/" />
				<Option deps_output="./Unicode/" />
				<Option type="2" />
				<Option compiler="gcc" />
				<Option createDefFile="1" />
				<Compiler>
					<Add option="-D_DEBUG" />
					<Add option="-DWIN32" />
					<Add option="-D_WINDOWS" />
					<Add option="-DUSE_INLINE" />
					<Add option="-D_CRT_SECURE_NO_WARNINGS" />
					<Add option="-O0" />
					<Add option="-Wall" />
					<Add directory="../AgentMessages/" />
					<Add directory="../AgentSvr/" />
					<Add directory="../Underlight/" />
					<Add directory="../DXSDK/SDK/inc/" />
					<Add directory="../RWSDK/inc/" />
				</Compiler>
			</Target>
			<Target title="Debug Win32">
				<Option output="./Debug/MessageMaker" prefix_auto="1" extension_auto="1" />
				<Option working_dir="" />
				<Option object_output="./Debug/" />
				<Option deps_output="./Debug/" />
				<Option type="2" />
				<Option compiler="gcc" />
				<Option createDefFile="1" />
				<Compiler>
					<Add option="-g" />
					<Add option="-D_DEBUG" />
					<Add option="-DWIN32" />
					<Add option="-D_WINDOWS" />
					<Add option="-DUSE_INLINE" />
					<Add option="-D_CRT_SECURE_NO_WARNINGS" />
					<Add option="-O0" />
					<Add option="-Wall" />
					<Add directory="../AgentMessages/" />
					<Add directory="../AgentSvr/" />
					<Add directory="../Underlight/" />
					<Add directory="../DXSDK/SDK/inc/" />
					<Add directory="../RWSDK/inc/" />
				</Compiler>
			</Target>
			<Target title="Live Debug Win32">
				<Option output="./Debug/MessageMaker" prefix_auto="1" extension_auto="1" />
				<Option working_dir="" />
				<Option object_output="./Debug/" />
				<Option deps_output="./Debug/" />
				<Option type="2" />
				<Option compiler="gcc" />
				<Option createDefFile="1" />
				<Compiler>
					<Add option="-D_DEBUG" />
					<Add option="-DWIN32" />
					<Add option="-D_WINDOWS" />
					<Add option="-DUSE_INLINE" />
					<Add option="-D_CRT_SECURE_NO_WARNINGS" />
					<Add option="-O0" />
					<Add option="-Wall" />
					<Add directory="../AgentMessages/" />
					<Add directory="../AgentSvr/" />
					<Add directory="../Underlight/" />
					<Add directory="../DXSDK/SDK/inc/" />
					<Add directory="../RWSDK/inc/" />
				</Compiler>
			</Target>
			<Target title="Release Win32">
				<Option output="./Release/MessageMaker" prefix_auto="1" extension_auto="1" />
				<Option working_dir="" />
				<Option object_output="./Release/" />
				<Option deps_output="./Release/" />
				<Option type="2" />
				<Option compiler="gcc" />
				<Option createDefFile="1" />
				<Compiler>
					<Add option="-DWIN32" />
					<Add option="-D_WINDOWS" />
					<Add option="-DUSE_INLINE" />
					<Add option="-D_CRT_SECURE_NO_WARNINGS" />
					<Add option="-Wall" />
					<Add directory="../MPSDK/inc/" />
					<Add directory="../Underlight/" />
					<Add directory="../MessageMaker/" />
					<Add directory="../AgentMessages/" />
					<Add directory="../AgentSvr/" />
					<Add directory="../DXSDK/SDK/inc/" />
					<Add directory="../RWSDK/inc/" />
				</Compiler>
			</Target>
		</Build>
		<Unit filename="AMsg.h" />
		<Unit filename="AMsg_AgentInfo.h" />
		<Unit filename="AMsg_AgentInfo.i" />
		<Unit filename="AMsg_All.h" />
		<Unit filename="AMsg_ControlAgent.h" />
		<Unit filename="AMsg_ControlAgent.i" />
		<Unit filename="AMsg_ControlAgentAck.h" />
		<Unit filename="AMsg_ControlAgentAck.i" />
		<Unit filename="AMsg_Login.cpp" />
		<Unit filename="AMsg_Login.h" />
		<Unit filename="AMsg_Loginack.cpp" />
		<Unit filename="AMsg_Loginack.h" />
		<Unit filename="AMsg_Logout.cpp" />
		<Unit filename="AMsg_Logout.h" />
		<Unit filename="AMsg_PosessInfo.h" />
		<Unit filename="AMsg_PosessInfo.i" />
		<Unit filename="GMsg.h" />
		<Unit filename="GMsg_AgentLogin.h" />
		<Unit filename="GMsg_AgentLogin.i" />
		<Unit filename="GMsg_All.h" />
		<Unit filename="GMsg_ChangeAvatar.h" />
		<Unit filename="GMsg_ChangeAvatar.i" />
		<Unit filename="GMsg_ChangeStat.h" />
		<Unit filename="GMsg_ChangeStat.i" />
		<Unit filename="GMsg_CreateItem.h" />
		<Unit filename="GMsg_CreateItem.i" />
		<Unit filename="GMsg_DestroyItem.h" />
		<Unit filename="GMsg_DestroyItem.i" />
		<Unit filename="GMsg_DestroyRoomItem.h" />
		<Unit filename="GMsg_DestroyRoomItem.i" />
		<Unit filename="GMsg_Error.h" />
		<Unit filename="GMsg_Error.i" />
		<Unit filename="GMsg_GetGoalHdrs.h" />
		<Unit filename="GMsg_GetGoalHdrs.i" />
		<Unit filename="GMsg_GetItem.h" />
		<Unit filename="GMsg_GetItem.i" />
		<Unit filename="GMsg_GetItemDescription.h" />
		<Unit filename="GMsg_GetItemDescription.i" />
		<Unit filename="GMsg_GetLevelPlayers.h" />
		<Unit filename="GMsg_GetLevelPlayers.i" />
		<Unit filename="GMsg_GetPlayerName.h" />
		<Unit filename="GMsg_GetPlayerName.i" />
		<Unit filename="GMsg_GetReportHdrs.h" />
		<Unit filename="GMsg_GetReportHdrs.i" />
		<Unit filename="GMsg_GiveItem.h" />
		<Unit filename="GMsg_GiveItem.i" />
		<Unit filename="GMsg_GiveItemAck.h" />
		<Unit filename="GMsg_GiveItemAck.i" />
		<Unit filename="GMsg_Goal.h" />
		<Unit filename="GMsg_Goal.i" />
		<Unit filename="GMsg_GotoLevel.h" />
		<Unit filename="GMsg_GotoLevel.i" />
		<Unit filename="GMsg_GrantPPoint.h" />
		<Unit filename="GMsg_GrantPPoint.i" />
		<Unit filename="GMsg_ItemDescription.h" />
		<Unit filename="GMsg_ItemDescription.i" />
		<Unit filename="GMsg_ItemDrop.h" />
		<Unit filename="GMsg_ItemDrop.i" />
		<Unit filename="GMsg_ItemPickup.h" />
		<Unit filename="GMsg_ItemPickup.i" />
		<Unit filename="GMsg_LevelPlayers.h" />
		<Unit filename="GMsg_LevelPlayers.i" />
		<Unit filename="GMsg_LocateAvatar.h" />
		<Unit filename="GMsg_LocateAvatar.i" />
		<Unit filename="GMsg_LocateAvatarAck.h" />
		<Unit filename="GMsg_LocateAvatarAck.i" />
		<Unit filename="GMsg_LocateMaresAck.h" />
		<Unit filename="GMsg_LocateMaresAck.i" />
		<Unit filename="GMsg_LocateNewliesAck.h" />
		<Unit filename="GMsg_LocateNewliesAck.i" />
		<Unit filename="GMsg_Login.h" />
		<Unit filename="GMsg_Login.i" />
		<Unit filename="GMsg_LoginAck.h" />
		<Unit filename="GMsg_LoginAck.i" />
		<Unit filename="GMsg_Logout.h" />
		<Unit filename="GMsg_Logout.i" />
		<Unit filename="GMsg_PPointAck.h" />
		<Unit filename="GMsg_PPointAck.i" />
		<Unit filename="GMsg_Ping.h" />
		<Unit filename="GMsg_Ping.i" />
		<Unit filename="GMsg_PostGoal.h" />
		<Unit filename="GMsg_PostGoal.i" />
		<Unit filename="GMsg_PostReport.h" />
		<Unit filename="GMsg_PostReport.i" />
		<Unit filename="GMsg_PreLogin.h" />
		<Unit filename="GMsg_PreLogin.i" />
		<Unit filename="GMsg_PreLoginAck.h" />
		<Unit filename="GMsg_PreLoginAck.i" />
		<Unit filename="GMsg_PutItem.h" />
		<Unit filename="GMsg_PutItem.i" />
		<Unit filename="GMsg_RcvGoalDetails.h" />
		<Unit filename="GMsg_RcvGoalDetails.i" />
		<Unit filename="GMsg_RcvGoalHdr.h" />
		<Unit filename="GMsg_RcvGoalHdr.i" />
		<Unit filename="GMsg_RcvGoalText.h" />
		<Unit filename="GMsg_RcvGoalText.i" />
		<Unit filename="GMsg_RcvGoalbookHdr.h" />
		<Unit filename="GMsg_RcvGoalbookHdr.i" />
		<Unit filename="GMsg_RcvPlayerName.h" />
		<Unit filename="GMsg_RcvPlayerName.i" />
		<Unit filename="GMsg_RcvReportGoals.h" />
		<Unit filename="GMsg_RcvReportGoals.i" />
		<Unit filename="GMsg_RcvReportHdr.h" />
		<Unit filename="GMsg_RcvReportHdr.i" />
		<Unit filename="GMsg_RcvReportText.h" />
		<Unit filename="GMsg_RcvReportText.i" />
		<Unit filename="GMsg_SenseDreamersAck.h" />
		<Unit filename="GMsg_SenseDreamersAck.i" />
		<Unit filename="GMsg_ServerDown.h" />
		<Unit filename="GMsg_ServerDown.i" />
		<Unit filename="GMsg_SetAvatarDescription.h" />
		<Unit filename="GMsg_SetAvatarDescription.i" />
		<Unit filename="GMsg_ShowItem.h" />
		<Unit filename="GMsg_ShowItem.i" />
		<Unit filename="GMsg_SummonAvatar.h" />
		<Unit filename="GMsg_SummonAvatar.i" />
		<Unit filename="GMsg_SummonAvatarAck.h" />
		<Unit filename="GMsg_SummonAvatarAck.i" />
		<Unit filename="GMsg_TakeItem.h" />
		<Unit filename="GMsg_TakeItem.i" />
		<Unit filename="GMsg_TakeItemAck.h" />
		<Unit filename="GMsg_TakeItemAck.i" />
		<Unit filename="GMsg_UpdateItem.h" />
		<Unit filename="GMsg_UpdateItem.i" />
		<Unit filename="GMsg_UpdateStats.h" />
		<Unit filename="GMsg_UpdateStats.i" />
		<Unit filename="GMsg_UsePPoint.h" />
		<Unit filename="GMsg_UsePPoint.i" />
		<Unit filename="GMsg_ViewItem.h" />
		<Unit filename="GMsg_ViewItem.i" />
		<Unit filename="LmArts.h" />
		<Unit filename="LmArts.i" />
		<Unit filename="LmAvatar.h" />
		<Unit filename="LmAvatar.i" />
		<Unit filename="LmBit32.h" />
		<Unit filename="LmBit32.i" />
		<Unit filename="LmGame.h" />
		<Unit filename="LmItem.h" />
		<Unit filename="LmItem.i" />
		<Unit filename="LmItemDefs.h" />
		<Unit filename="LmItemDefs.i" />
		<Unit filename="LmItemHdr.h" />
		<Unit filename="LmItemHdr.i" />
		<Unit filename="LmItemNames.h" />
		<Unit filename="LmMesg.h" />
		<Unit filename="LmMesg.i" />
		<Unit filename="LmMesgBuf.h" />
		<Unit filename="LmMesgBuf.i" />
		<Unit filename="LmMesgHdr.h" />
		<Unit filename="LmMesgHdr.i" />
		<Unit filename="LmMessage.h" />
		<Unit filename="LmPeerUpdate.h" />
		<Unit filename="LmPeerUpdate.i" />
		<Unit filename="LmPosition.h" />
		<Unit filename="LmPosition.i" />
		<Unit filename="LmStats.h" />
		<Unit filename="LmStats.i" />
		<Unit filename="LmXPTable.cpp" />
		<Unit filename="LmXPTable.h" />
		<Unit filename="LnMD5.cpp" />
		<Unit filename="LnMD5.h" />
		<Unit filename="LyraDefs.h" />
		<Unit filename="LyraMessage.cpp" />
		<Unit filename="LyraMessage.h" />
		<Unit filename="RMsg.h" />
		<Unit filename="RMsg_All.h" />
		<Unit filename="RMsg_ChangeAvatar.h" />
		<Unit filename="RMsg_ChangeAvatar.i" />
		<Unit filename="RMsg_CupSummons.h" />
		<Unit filename="RMsg_CupSummons.i" />
		<Unit filename="RMsg_EnterRoom.h" />
		<Unit filename="RMsg_EnterRoom.i" />
		<Unit filename="RMsg_Error.h" />
		<Unit filename="RMsg_Error.i" />
		<Unit filename="RMsg_GetAvatarDescription.h" />
		<Unit filename="RMsg_GetAvatarDescription.i" />
		<Unit filename="RMsg_GetRoomDescription.h" />
		<Unit filename="RMsg_GetRoomDescription.i" />
		<Unit filename="RMsg_GotoRoom.h" />
		<Unit filename="RMsg_GotoRoom.i" />
		<Unit filename="RMsg_ItemDrop.h" />
		<Unit filename="RMsg_ItemDrop.i" />
		<Unit filename="RMsg_ItemHdrDrop.h" />
		<Unit filename="RMsg_ItemHdrDrop.i" />
		<Unit filename="RMsg_ItemPickup.h" />
		<Unit filename="RMsg_ItemPickup.i" />
		<Unit filename="RMsg_JoinedParty.h" />
		<Unit filename="RMsg_JoinedParty.i" />
		<Unit filename="RMsg_LeaveRoom.h" />
		<Unit filename="RMsg_LeaveRoom.i" />
		<Unit filename="RMsg_LoginAck.h" />
		<Unit filename="RMsg_LoginAck.i" />
		<Unit filename="RMsg_Logout.h" />
		<Unit filename="RMsg_Logout.i" />
		<Unit filename="RMsg_NewlyAwakened.h" />
		<Unit filename="RMsg_NewlyAwakened.i" />
		<Unit filename="RMsg_Party.h" />
		<Unit filename="RMsg_Party.i" />
		<Unit filename="RMsg_PartyInfo.h" />
		<Unit filename="RMsg_PartyInfo.i" />
		<Unit filename="RMsg_Ping.h" />
		<Unit filename="RMsg_Ping.i" />
		<Unit filename="RMsg_PlayerMsg.h" />
		<Unit filename="RMsg_PlayerMsg.i" />
		<Unit filename="RMsg_PlayerUpdate.h" />
		<Unit filename="RMsg_PlayerUpdate.i" />
		<Unit filename="RMsg_RcvAvatarDescription.h" />
		<Unit filename="RMsg_RcvAvatarDescription.i" />
		<Unit filename="RMsg_RoomDescription.h" />
		<Unit filename="RMsg_RoomDescription.i" />
		<Unit filename="RMsg_RoomLoginAck.h" />
		<Unit filename="RMsg_RoomLoginAck.i" />
		<Unit filename="RMsg_Speech.h" />
		<Unit filename="RMsg_Speech.i" />
		<Unit filename="RMsg_Update.h" />
		<Unit filename="RMsg_Update.i" />
		<Unit filename="RenderView.cpp" />
		<Unit filename="RmRemotePlayer.h" />
		<Unit filename="RmRemotePlayer.i" />
		<Unit filename="SMsg.h" />
		<Unit filename="amsg_login.i" />
		<Unit filename="amsg_loginack.i" />
		<Unit filename="amsg_logout.i" />
		<Unit filename="cJSON.cpp" />
		<Unit filename="cJSON.h" />
		<Unit filename="lmparty.h" />
		<Unit filename="lmparty.i" />
		<Unit filename="md5.cpp" />
		<Unit filename="md5.h" />
		<Unit filename="md5global.h" />
		<Unit filename="unix.h" />
		<Extensions>
			<code_completion />
			<envvars />
			<debugger />
		</Extensions>
	</Project>
</CodeBlocks_project_file>
