<?xml version="1.0" encoding="utf-8"?>
<Project ToolsVersion="4.0" xmlns="http://schemas.microsoft.com/developer/msbuild/2003">
  <ItemGroup>
    <Filter Include="Source Files">
      <UniqueIdentifier>{1d31b0e6-2499-49e4-aada-12422624d435}</UniqueIdentifier>
      <Extensions>cpp;c;cxx;rc;def;r;odl;hpj;bat;for;f90</Extensions>
    </Filter>
    <Filter Include="Header Files">
      <UniqueIdentifier>{721a47a5-9348-4077-a1b2-5e4d2ecace82}</UniqueIdentifier>
      <Extensions>h;hpp;hxx;hm;inl;fi;fd</Extensions>
    </Filter>
    <Filter Include="Resource Files">
      <UniqueIdentifier>{05d385dc-18ba-4861-842a-ee6f805a946a}</UniqueIdentifier>
      <Extensions>ico;cur;bmp;dlg;rc2;rct;bin;cnt;rtf;gif;jpg;jpeg;jpe</Extensions>
    </Filter>
    <Filter Include="Libraries">
      <UniqueIdentifier>{c8f65b2d-1a06-411a-934e-5441e2b8b2a3}</UniqueIdentifier>
      <Extensions>lib</Extensions>
    </Filter>
  </ItemGroup>
  <ItemGroup>
    <ClCompile Include="BuildView.cpp">
      <Filter>Source Files</Filter>
    </ClCompile>
    <ClCompile Include="cActor.cpp">
      <Filter>Source Files</Filter>
    </ClCompile>
    <ClCompile Include="cActorList.cpp">
      <Filter>Source Files</Filter>
    </ClCompile>
    <ClCompile Include="cAgentBox.cpp">
      <Filter>Source Files</Filter>
    </ClCompile>
    <ClCompile Include="cAgentServer.cpp">
      <Filter>Source Files</Filter>
    </ClCompile>
    <ClCompile Include="cAI.cpp">
      <Filter>Source Files</Filter>
    </ClCompile>
    <ClCompile Include="cArts.cpp">
      <Filter>Source Files</Filter>
    </ClCompile>
    <ClCompile Include="cBanner.cpp">
      <Filter>Source Files</Filter>
    </ClCompile>
    <ClCompile Include="cBox.cpp">
      <Filter>Source Files</Filter>
    </ClCompile>
    <ClCompile Include="cChat.cpp">
      <Filter>Source Files</Filter>
    </ClCompile>
    <ClCompile Include="cControlPanel.cpp">
      <Filter>Source Files</Filter>
    </ClCompile>
    <ClCompile Include="cDDraw.cpp">
      <Filter>Source Files</Filter>
    </ClCompile>
    <ClCompile Include="cDetailGoal.cpp">
      <Filter>Source Files</Filter>
    </ClCompile>
    <ClCompile Include="cDetailQuest.cpp">
      <Filter>Source Files</Filter>
    </ClCompile>
    <ClCompile Include="cDSound.cpp">
      <Filter>Source Files</Filter>
    </ClCompile>
    <ClCompile Include="cEffects.cpp">
      <Filter>Source Files</Filter>
    </ClCompile>
    <ClCompile Include="cGameServer.cpp">
      <Filter>Source Files</Filter>
    </ClCompile>
    <ClCompile Include="cGif.cpp">
      <Filter>Source Files</Filter>
    </ClCompile>
    <ClCompile Include="cGoalBook.cpp">
      <Filter>Source Files</Filter>
    </ClCompile>
    <ClCompile Include="cGoalPosting.cpp">
      <Filter>Source Files</Filter>
    </ClCompile>
    <ClCompile Include="cGoalQuestProcs.cpp">
      <Filter>Source Files</Filter>
    </ClCompile>
    <ClCompile Include="cItem.cpp">
      <Filter>Source Files</Filter>
    </ClCompile>
    <ClCompile Include="cKeymap.cpp">
      <Filter>Source Files</Filter>
    </ClCompile>
    <ClCompile Include="cLevel.cpp">
      <Filter>Source Files</Filter>
    </ClCompile>
    <ClCompile Include="cList.cpp">
      <Filter>Source Files</Filter>
    </ClCompile>
    <ClCompile Include="cMissile.cpp">
      <Filter>Source Files</Filter>
    </ClCompile>
    <ClCompile Include="cNameTag.cpp">
      <Filter>Source Files</Filter>
    </ClCompile>
    <ClCompile Include="cNeighbor.cpp">
      <Filter>Source Files</Filter>
    </ClCompile>
    <ClCompile Include="cOrnament.cpp">
      <Filter>Source Files</Filter>
    </ClCompile>
    <ClCompile Include="cOutput.cpp">
      <Filter>Source Files</Filter>
    </ClCompile>
    <ClCompile Include="cPalettes.cpp">
      <Filter>Source Files</Filter>
    </ClCompile>
    <ClCompile Include="cParty.cpp">
      <Filter>Source Files</Filter>
    </ClCompile>
    <ClCompile Include="cPlayer.cpp">
      <Filter>Source Files</Filter>
    </ClCompile>
    <ClCompile Include="cPostGoal.cpp">
      <Filter>Source Files</Filter>
    </ClCompile>
    <ClCompile Include="cPostQuest.cpp">
      <Filter>Source Files</Filter>
    </ClCompile>
    <ClCompile Include="cQuestBuilder.cpp">
      <Filter>Source Files</Filter>
    </ClCompile>
    <ClCompile Include="cReadGoal.cpp">
      <Filter>Source Files</Filter>
    </ClCompile>
    <ClCompile Include="cReadQuest.cpp">
      <Filter>Source Files</Filter>
    </ClCompile>
    <ClCompile Include="cReadReport.cpp">
      <Filter>Source Files</Filter>
    </ClCompile>
    <ClCompile Include="CreateFrame.cpp">
      <Filter>Source Files</Filter>
    </ClCompile>
    <ClCompile Include="cReportGoal.cpp">
      <Filter>Source Files</Filter>
    </ClCompile>
    <ClCompile Include="cReviewGoals.cpp">
      <Filter>Source Files</Filter>
    </ClCompile>
    <ClCompile Include="cSending.cpp">
      <Filter>Source Files</Filter>
    </ClCompile>
    <ClCompile Include="Debug.cpp">
      <Filter>Source Files</Filter>
    </ClCompile>
    <ClCompile Include="Dialogs.cpp">
      <Filter>Source Files</Filter>
    </ClCompile>
    <ClCompile Include="Interface.cpp">
      <Filter>Source Files</Filter>
    </ClCompile>
    <ClCompile Include="Keyboard.cpp">
      <Filter>Source Files</Filter>
    </ClCompile>
    <ClCompile Include="LanguageFilter.cpp">
      <Filter>Source Files</Filter>
    </ClCompile>
    <ClCompile Include="LevelRoomNames.cpp">
      <Filter>Source Files</Filter>
    </ClCompile>
    <ClCompile Include="LoginOptions.cpp">
      <Filter>Source Files</Filter>
    </ClCompile>
    <ClCompile Include="Main.cpp">
      <Filter>Source Files</Filter>
    </ClCompile>
    <ClCompile Include="Mouse.cpp">
      <Filter>Source Files</Filter>
    </ClCompile>
    <ClCompile Include="Move.cpp">
      <Filter>Source Files</Filter>
    </ClCompile>
    <ClCompile Include="Options.cpp">
      <Filter>Source Files</Filter>
    </ClCompile>
    <ClCompile Include="Realm.cpp">
      <Filter>Source Files</Filter>
    </ClCompile>
    <ClCompile Include="RenderActor.cpp">
      <Filter>Source Files</Filter>
    </ClCompile>
    <ClCompile Include="RenderView.cpp">
      <Filter>Source Files</Filter>
    </ClCompile>
    <ClCompile Include="RLE.cpp">
      <Filter>Source Files</Filter>
    </ClCompile>
    <ClCompile Include="Secure.cpp">
      <Filter>Source Files</Filter>
    </ClCompile>
    <ClCompile Include="Utils.cpp">
      <Filter>Source Files</Filter>
    </ClCompile>
  </ItemGroup>
  <ItemGroup>
    <ClInclude Include="4dx.h">
      <Filter>Header Files</Filter>
    </ClInclude>
    <ClInclude Include="Agent.h">
      <Filter>Header Files</Filter>
    </ClInclude>
    <ClInclude Include="cActor.h">
      <Filter>Header Files</Filter>
    </ClInclude>
    <ClInclude Include="cActorList.h">
      <Filter>Header Files</Filter>
    </ClInclude>
    <ClInclude Include="cAgentBox.h">
      <Filter>Header Files</Filter>
    </ClInclude>
    <ClInclude Include="cAgentServer.h">
      <Filter>Header Files</Filter>
    </ClInclude>
    <ClInclude Include="cAI.h">
      <Filter>Header Files</Filter>
    </ClInclude>
    <ClInclude Include="cArts.h">
      <Filter>Header Files</Filter>
    </ClInclude>
    <ClInclude Include="cBanner.h">
      <Filter>Header Files</Filter>
    </ClInclude>
    <ClInclude Include="cChat.h">
      <Filter>Header Files</Filter>
    </ClInclude>
    <ClInclude Include="cChat_singleline.h">
      <Filter>Header Files</Filter>
    </ClInclude>
    <ClInclude Include="cClient.h">
      <Filter>Header Files</Filter>
    </ClInclude>
    <ClInclude Include="cControlPanel.h">
      <Filter>Header Files</Filter>
    </ClInclude>
    <ClInclude Include="cDDraw.h">
      <Filter>Header Files</Filter>
    </ClInclude>
    <ClInclude Include="cDetailGoal.h">
      <Filter>Header Files</Filter>
    </ClInclude>
    <ClInclude Include="cDetailQuest.h">
      <Filter>Header Files</Filter>
    </ClInclude>
    <ClInclude Include="cDSound.h">
      <Filter>Header Files</Filter>
    </ClInclude>
    <ClInclude Include="cEffects.h">
      <Filter>Header Files</Filter>
    </ClInclude>
    <ClInclude Include="Central.h">
      <Filter>Header Files</Filter>
    </ClInclude>
    <ClInclude Include="cGameServer.h">
      <Filter>Header Files</Filter>
    </ClInclude>
    <ClInclude Include="cGif.h">
      <Filter>Header Files</Filter>
    </ClInclude>
    <ClInclude Include="cGoalBook.h">
      <Filter>Header Files</Filter>
    </ClInclude>
    <ClInclude Include="cGoalPosting.h">
      <Filter>Header Files</Filter>
    </ClInclude>
    <ClInclude Include="cItem.h">
      <Filter>Header Files</Filter>
    </ClInclude>
    <ClInclude Include="cKeymap.h">
      <Filter>Header Files</Filter>
    </ClInclude>
    <ClInclude Include="cLevel.h">
      <Filter>Header Files</Filter>
    </ClInclude>
    <ClInclude Include="cList.h">
      <Filter>Header Files</Filter>
    </ClInclude>
    <ClInclude Include="cMissile.h">
      <Filter>Header Files</Filter>
    </ClInclude>
    <ClInclude Include="cNameTag.h">
      <Filter>Header Files</Filter>
    </ClInclude>
    <ClInclude Include="cNeighbor.h">
      <Filter>Header Files</Filter>
    </ClInclude>
    <ClInclude Include="cOrnament.h">
      <Filter>Header Files</Filter>
    </ClInclude>
    <ClInclude Include="cOutput.h">
      <Filter>Header Files</Filter>
    </ClInclude>
    <ClInclude Include="cPalettes.h">
      <Filter>Header Files</Filter>
    </ClInclude>
    <ClInclude Include="cParty.h">
      <Filter>Header Files</Filter>
    </ClInclude>
    <ClInclude Include="cPlayer.h">
      <Filter>Header Files</Filter>
    </ClInclude>
    <ClInclude Include="cPostGoal.h">
      <Filter>Header Files</Filter>
    </ClInclude>
    <ClInclude Include="cPostQuest.h">
      <Filter>Header Files</Filter>
    </ClInclude>
    <ClInclude Include="cQuestBuilder.h">
      <Filter>Header Files</Filter>
    </ClInclude>
    <ClInclude Include="cReadGoal.h">
      <Filter>Header Files</Filter>
    </ClInclude>
    <ClInclude Include="cReadQuest.h">
      <Filter>Header Files</Filter>
    </ClInclude>
    <ClInclude Include="cReadReport.h">
      <Filter>Header Files</Filter>
    </ClInclude>
    <ClInclude Include="cReportGoal.h">
      <Filter>Header Files</Filter>
    </ClInclude>
    <ClInclude Include="cReviewGoals.h">
      <Filter>Header Files</Filter>
    </ClInclude>
    <ClInclude Include="cSending.h">
      <Filter>Header Files</Filter>
    </ClInclude>
    <ClInclude Include="cWave.h">
      <Filter>Header Files</Filter>
    </ClInclude>
    <ClInclude Include="Dialogs.h">
      <Filter>Header Files</Filter>
    </ClInclude>
    <ClInclude Include="Effects.h">
      <Filter>Header Files</Filter>
    </ClInclude>
    <ClInclude Include="GsChecksums.h">
      <Filter>Header Files</Filter>
    </ClInclude>
    <ClInclude Include="Interface.h">
      <Filter>Header Files</Filter>
    </ClInclude>
    <ClInclude Include="Keyboard.h">
      <Filter>Header Files</Filter>
    </ClInclude>
    <ClInclude Include="LanguageFilter.h">
      <Filter>Header Files</Filter>
    </ClInclude>
    <ClInclude Include="Main.h">
      <Filter>Header Files</Filter>
    </ClInclude>
    <ClInclude Include="Mouse.h">
      <Filter>Header Files</Filter>
    </ClInclude>
    <ClInclude Include="Move.h">
      <Filter>Header Files</Filter>
    </ClInclude>
    <ClInclude Include="Options.h">
      <Filter>Header Files</Filter>
    </ClInclude>
    <ClInclude Include="Realm.h">
      <Filter>Header Files</Filter>
    </ClInclude>
    <ClInclude Include="RenderActor.h">
      <Filter>Header Files</Filter>
    </ClInclude>
    <ClInclude Include="RenderView.h">
      <Filter>Header Files</Filter>
    </ClInclude>
    <ClInclude Include="RLE.h">
      <Filter>Header Files</Filter>
    </ClInclude>
    <ClInclude Include="RogerWilco.h">
      <Filter>Header Files</Filter>
    </ClInclude>
    <ClInclude Include="Secure.h">
      <Filter>Header Files</Filter>
    </ClInclude>
    <ClInclude Include="SharedConstants.h">
      <Filter>Header Files</Filter>
    </ClInclude>
    <ClInclude Include="txtrload.h">
      <Filter>Header Files</Filter>
    </ClInclude>
    <ClInclude Include="Utils.h">
      <Filter>Header Files</Filter>
    </ClInclude>
    <ClInclude Include="v5_structs.h">
      <Filter>Header Files</Filter>
    </ClInclude>
    <ClInclude Include="wbox.h">
      <Filter>Header Files</Filter>
    </ClInclude>
    <ClInclude Include="zconf.h">
      <Filter>Header Files</Filter>
    </ClInclude>
    <ClInclude Include="zlib.h">
      <Filter>Header Files</Filter>
    </ClInclude>
    <ClInclude Include="resource.h">
      <Filter>Resource Files</Filter>
    </ClInclude>
  </ItemGroup>
  <ItemGroup>
    <None Include="Lyra.ico">
      <Filter>Resource Files</Filter>
    </None>
    <None Include="Target.bmp">
      <Filter>Resource Files</Filter>
    </None>
    <None Include="AgentSvr.rgs" />
    <None Include="..\..\Lyra\Effects\sound effects.asc" />
    <None Include="Updates.txt" />
    <None Include="..\..\Lyra\Effects\visual effects.asc" />
    <None Include="pmare.ico">
      <Filter>Resource Files</Filter>
    </None>
    <None Include="ico00001.ico">
      <Filter>Resource Files</Filter>
    </None>
    <None Include="icon1.ico">
      <Filter>Resource Files</Filter>
    </None>
    <None Include="ico00002.ico">
      <Filter>Resource Files</Filter>
    </None>
  </ItemGroup>
  <ItemGroup>
    <ResourceCompile Include="Underlight.rc">
      <Filter>Resource Files</Filter>
    </ResourceCompile>
  </ItemGroup>
  <ItemGroup>
    <Library Include="..\libs\DDRAW.LIB">
      <Filter>Libraries</Filter>
    </Library>
    <Library Include="..\libs\dsound.lib">
      <Filter>Libraries</Filter>
    </Library>
    <Library Include="..\libs\dxguid.lib">
      <Filter>Libraries</Filter>
    </Library>
    <Library Include="..\libs\TH32.Lib">
      <Filter>Libraries</Filter>
    </Library>
  </ItemGroup>
</Project>