<?xml version="1.0" encoding="UTF-8" standalone="yes" ?>
<CodeBlocks_project_file>
	<FileVersion major="1" minor="6" />
	<Project>
		<Option title="AgentSvr" />
		<Option pch_mode="2" />
		<Option compiler="gcc" />
		<Build>
			<Target title="Unicode Win32">
				<Option output="/Lyra/Dev/AgentSvrD" prefix_auto="1" extension_auto="1" />
				<Option object_output="./Unicode/" />
				<Option deps_output="C:/lyra/dev/" />
				<Option type="0" />
				<Option compiler="gcc" />
				<Compiler>
					<Add option="-DUL_DEBUG" />
					<Add option="-D_DEBUG" />
					<Add option="-DUNICODE" />
					<Add option="-DUSE_INLINE" />
					<Add option="-DAGENT" />
					<Add option="-DGAMEMASTER" />
					<Add option="-DWIN32" />
					<Add option="-D_WINDOWS" />
					<Add option="-DGAME_LYR" />
					<Add option="-D_CRT_SECURE_NO_WARNINGS" />
					<Add option="-O0" />
					<Add option="-Wall" />
					<Add directory="../MessageMaker/" />
					<Add directory="../AgentMessages/" />
					<Add directory="../AgentSvr/" />
					<Add directory="../Underlight/" />
					<Add directory="../DXSDK/SDK/inc/" />
					<Add directory="../RWSDK/inc/" />
					<Add directory="../AgentSvc/" />
				</Compiler>
				<Linker>
					<Add library="../MessageMaker/Unicode/MessageMaker.lib" />
					<Add library="oldnames.lib" />
					<Add library="libcmtd.lib" />
					<Add library="winmm.lib" />
					<Add library="ws2_32.lib" />
					<Add library="odbc32.lib" />
					<Add library="odbccp32.lib" />
					<Add library="comctl32.lib" />
					<Add library="kernel32.lib" />
					<Add library="user32.lib" />
					<Add library="gdi32.lib" />
					<Add library="winspool.lib" />
					<Add library="comdlg32.lib" />
					<Add library="advapi32.lib" />
					<Add library="shell32.lib" />
					<Add library="ole32.lib" />
					<Add library="oleaut32.lib" />
					<Add library="uuid.lib" />
					<Add directory="../libs/" />
					<Add directory="../OggVorbis/lib/" />
				</Linker>
			</Target>
			<Target title="Debug Win32">
				<Option output="/Lyra/Dev/AgentSvrD" prefix_auto="1" extension_auto="1" />
				<Option object_output="./Debug/" />
				<Option deps_output="C:/lyra/dev/" />
				<Option type="0" />
				<Option compiler="gcc" />
				<Compiler>
					<Add option="-g" />
					<Add option="-D_DEBUG" />
					<Add option="-DUL_DEBUG" />
					<Add option="-DUSE_INLINE" />
					<Add option="-DAGENT" />
					<Add option="-DGAMEMASTER" />
					<Add option="-DWIN32" />
					<Add option="-D_WINDOWS" />
					<Add option="-DGAME_LYR" />
					<Add option="-D_CRT_SECURE_NO_WARNINGS" />
					<Add option="-O0" />
					<Add option="-Wall" />
					<Add directory="../MessageMaker/" />
					<Add directory="../AgentMessages/" />
					<Add directory="../AgentSvr/" />
					<Add directory="../Underlight/" />
					<Add directory="../DXSDK/SDK/inc/" />
					<Add directory="../RWSDK/inc/" />
					<Add directory="../AgentSvc/" />
				</Compiler>
				<Linker>
					<Add library="../MessageMaker/Debug/MessageMaker.lib" />
					<Add library="oldnames.lib" />
					<Add library="libcmtd.lib" />
					<Add library="winmm.lib" />
					<Add library="ws2_32.lib" />
					<Add library="odbc32.lib" />
					<Add library="odbccp32.lib" />
					<Add library="msimg32.lib" />
					<Add library="comctl32.lib" />
					<Add library="kernel32.lib" />
					<Add library="user32.lib" />
					<Add library="gdi32.lib" />
					<Add library="winspool.lib" />
					<Add library="comdlg32.lib" />
					<Add library="advapi32.lib" />
					<Add library="shell32.lib" />
					<Add library="ole32.lib" />
					<Add library="oleaut32.lib" />
					<Add library="uuid.lib" />
					<Add directory="../libs/" />
					<Add directory="../OggVorbis/lib/" />
				</Linker>
			</Target>
			<Target title="Live Debug Win32">
				<Option output="/Lyra/Dev/AgentSvrD" prefix_auto="1" extension_auto="1" />
				<Option object_output="./Debug/" />
				<Option deps_output="C:/lyra/dev/" />
				<Option type="0" />
				<Option compiler="gcc" />
				<Compiler>
					<Add option="-D_DEBUG" />
					<Add option="-DUL_DEBUG" />
					<Add option="-DUSE_INLINE" />
					<Add option="-DAGENT" />
					<Add option="-DGAMEMASTER" />
					<Add option="-DWIN32" />
					<Add option="-D_WINDOWS" />
					<Add option="-DGAME_LYR" />
					<Add option="-D_CRT_SECURE_NO_WARNINGS" />
					<Add option="-O0" />
					<Add option="-Wall" />
					<Add directory="../MessageMaker/" />
					<Add directory="../AgentMessages/" />
					<Add directory="../AgentSvr/" />
					<Add directory="../Underlight/" />
					<Add directory="../DXSDK/SDK/inc/" />
					<Add directory="../RWSDK/inc/" />
					<Add directory="../AgentSvc/" />
				</Compiler>
				<Linker>
					<Add library="../MessageMaker/Debug/MessageMaker.lib" />
					<Add library="oldnames.lib" />
					<Add library="libcmtd.lib" />
					<Add library="winmm.lib" />
					<Add library="ws2_32.lib" />
					<Add library="odbc32.lib" />
					<Add library="odbccp32.lib" />
					<Add library="msimg32.lib" />
					<Add library="comctl32.lib" />
					<Add library="kernel32.lib" />
					<Add library="user32.lib" />
					<Add library="gdi32.lib" />
					<Add library="winspool.lib" />
					<Add library="comdlg32.lib" />
					<Add library="advapi32.lib" />
					<Add library="shell32.lib" />
					<Add library="ole32.lib" />
					<Add library="oleaut32.lib" />
					<Add library="uuid.lib" />
					<Add directory="../libs/" />
					<Add directory="../OggVorbis/lib/" />
				</Linker>
			</Target>
			<Target title="Release Win32">
				<Option output="/lyra/dev/AgentSvr" prefix_auto="1" extension_auto="1" />
				<Option object_output="./Release/" />
				<Option deps_output="C:/lyra/dev/" />
				<Option type="0" />
				<Option compiler="gcc" />
				<Compiler>
					<Add option="-DUSE_INLINE" />
					<Add option="-DAGENT" />
					<Add option="-DGAMEMASTER" />
					<Add option="-DWIN32" />
					<Add option="-D_WINDOWS" />
					<Add option="-DGAME_LYR" />
					<Add option="-D_CRT_SECURE_NO_WARNINGS" />
					<Add option="-Os" />
					<Add option="-Wall" />
					<Add directory="../MessageMaker/" />
					<Add directory="../AgentMessages/" />
					<Add directory="../AgentSvr/" />
					<Add directory="../Underlight/" />
					<Add directory="../DXSDK/SDK/inc/" />
					<Add directory="../RWSDK/inc/" />
					<Add directory="../AgentSvc/" />
				</Compiler>
				<Linker>
					<Add option="-s" />
					<Add library="libcmt.lib" />
					<Add library="Wininet.lib" />
					<Add library="../MessageMaker/Release/MessageMaker.lib" />
					<Add library="oldnames.lib" />
					<Add library="winmm.lib" />
					<Add library="ws2_32.lib" />
					<Add library="odbc32.lib" />
					<Add library="odbccp32.lib" />
					<Add library="msimg32.lib" />
					<Add library="comctl32.lib" />
					<Add library="kernel32.lib" />
					<Add library="user32.lib" />
					<Add library="gdi32.lib" />
					<Add library="winspool.lib" />
					<Add library="comdlg32.lib" />
					<Add library="advapi32.lib" />
					<Add library="shell32.lib" />
					<Add library="ole32.lib" />
					<Add library="oleaut32.lib" />
					<Add library="uuid.lib" />
					<Add directory="../libs/" />
					<Add directory="../OggVorbis/lib/" />
				</Linker>
			</Target>
		</Build>
		<Unit filename="../Underlight/4dx.h" />
		<Unit filename="../Underlight/Agent.h" />
		<Unit filename="../Underlight/AgentSvr.rgs" />
		<Unit filename="../Underlight/BuildView.cpp" />
		<Unit filename="../Underlight/Central.h" />
		<Unit filename="../Underlight/CreateFrame.cpp" />
		<Unit filename="../Underlight/Debug.cpp" />
		<Unit filename="../Underlight/Dialogs.cpp" />
		<Unit filename="../Underlight/Dialogs.h" />
		<Unit filename="../Underlight/Effects.h" />
		<Unit filename="../Underlight/GsChecksums.h" />
		<Unit filename="../Underlight/Interface.cpp" />
		<Unit filename="../Underlight/Interface.h" />
		<Unit filename="../Underlight/Keyboard.cpp" />
		<Unit filename="../Underlight/Keyboard.h" />
		<Unit filename="../Underlight/LoginOptions.cpp" />
		<Unit filename="../Underlight/LoginOptions.h" />
		<Unit filename="../Underlight/Lyra.ico" />
		<Unit filename="../Underlight/Main.h" />
		<Unit filename="../Underlight/Mouse.cpp" />
		<Unit filename="../Underlight/Mouse.h" />
		<Unit filename="../Underlight/Move.cpp" />
		<Unit filename="../Underlight/Move.h" />
		<Unit filename="../Underlight/Options.cpp" />
		<Unit filename="../Underlight/Options.h" />
		<Unit filename="../Underlight/RLE.cpp" />
		<Unit filename="../Underlight/RLE.h" />
		<Unit filename="../Underlight/Realm.cpp" />
		<Unit filename="../Underlight/Realm.h" />
		<Unit filename="../Underlight/RenderActor.cpp" />
		<Unit filename="../Underlight/RenderActor.h" />
		<Unit filename="../Underlight/RenderView.cpp" />
		<Unit filename="../Underlight/RenderView.h" />
		<Unit filename="../Underlight/Secure.h" />
		<Unit filename="../Underlight/SharedConstants.h" />
		<Unit filename="../Underlight/Target.bmp" />
		<Unit filename="../Underlight/Underlight.rc">
			<Option compilerVar="WINDRES" />
		</Unit>
		<Unit filename="../Underlight/Utils.cpp" />
		<Unit filename="../Underlight/Utils.h" />
		<Unit filename="../Underlight/actor.h" />
		<Unit filename="../Underlight/base64.cpp" />
		<Unit filename="../Underlight/base64.h" />
		<Unit filename="../Underlight/cAI.cpp" />
		<Unit filename="../Underlight/cAI.h" />
		<Unit filename="../Underlight/cActor.cpp" />
		<Unit filename="../Underlight/cActor.h" />
		<Unit filename="../Underlight/cActorList.cpp" />
		<Unit filename="../Underlight/cActorList.h" />
		<Unit filename="../Underlight/cAgentBox.cpp" />
		<Unit filename="../Underlight/cAgentBox.h" />
		<Unit filename="../Underlight/cAgentDaemon.cpp" />
		<Unit filename="../Underlight/cAgentDaemon.h" />
		<Unit filename="../Underlight/cAgentServer.cpp" />
		<Unit filename="../Underlight/cAgentServer.h" />
		<Unit filename="../Underlight/cArts.cpp" />
		<Unit filename="../Underlight/cArts.h" />
		<Unit filename="../Underlight/cBackgroundMusic.h" />
		<Unit filename="../Underlight/cBanner.h" />
		<Unit filename="../Underlight/cBox.cpp" />
		<Unit filename="../Underlight/cChat.cpp" />
		<Unit filename="../Underlight/cChat.h" />
		<Unit filename="../Underlight/cChat_singleline.h" />
		<Unit filename="../Underlight/cClient.h" />
		<Unit filename="../Underlight/cControlPanel.h" />
		<Unit filename="../Underlight/cDDraw.h" />
		<Unit filename="../Underlight/cDSound.h" />
		<Unit filename="../Underlight/cDetailGoal.cpp" />
		<Unit filename="../Underlight/cDetailGoal.h" />
		<Unit filename="../Underlight/cDetailQuest.cpp" />
		<Unit filename="../Underlight/cEffects.cpp" />
		<Unit filename="../Underlight/cEffects.h" />
		<Unit filename="../Underlight/cGameServer.cpp" />
		<Unit filename="../Underlight/cGameServer.h" />
		<Unit filename="../Underlight/cGif.cpp" />
		<Unit filename="../Underlight/cGif.h" />
		<Unit filename="../Underlight/cGoalBook.cpp" />
		<Unit filename="../Underlight/cGoalBook.h" />
		<Unit filename="../Underlight/cGoalPosting.cpp" />
		<Unit filename="../Underlight/cGoalPosting.h" />
		<Unit filename="../Underlight/cGoalQuestProcs.cpp" />
		<Unit filename="../Underlight/cItem.cpp" />
		<Unit filename="../Underlight/cItem.h" />
		<Unit filename="../Underlight/cKeymap.cpp" />
		<Unit filename="../Underlight/cKeymap.h" />
		<Unit filename="../Underlight/cLevel.cpp" />
		<Unit filename="../Underlight/cLevel.h" />
		<Unit filename="../Underlight/cList.cpp" />
		<Unit filename="../Underlight/cList.h" />
		<Unit filename="../Underlight/cMissile.cpp" />
		<Unit filename="../Underlight/cMissile.h" />
		<Unit filename="../Underlight/cNameTag.cpp" />
		<Unit filename="../Underlight/cNameTag.h" />
		<Unit filename="../Underlight/cNeighbor.cpp" />
		<Unit filename="../Underlight/cNeighbor.h" />
		<Unit filename="../Underlight/cOrnament.cpp" />
		<Unit filename="../Underlight/cOrnament.h" />
		<Unit filename="../Underlight/cOutput.cpp" />
		<Unit filename="../Underlight/cOutput.h" />
		<Unit filename="../Underlight/cPalettes.cpp" />
		<Unit filename="../Underlight/cPalettes.h" />
		<Unit filename="../Underlight/cParty.cpp" />
		<Unit filename="../Underlight/cParty.h" />
		<Unit filename="../Underlight/cPlayer.cpp" />
		<Unit filename="../Underlight/cPlayer.h" />
		<Unit filename="../Underlight/cPostGoal.cpp" />
		<Unit filename="../Underlight/cPostGoal.h" />
		<Unit filename="../Underlight/cPostQuest.cpp" />
		<Unit filename="../Underlight/cQuestBuilder.cpp" />
		<Unit filename="../Underlight/cReadGoal.cpp" />
		<Unit filename="../Underlight/cReadGoal.h" />
		<Unit filename="../Underlight/cReadQuest.cpp" />
		<Unit filename="../Underlight/cReadReport.cpp" />
		<Unit filename="../Underlight/cReadReport.h" />
		<Unit filename="../Underlight/cReportGoal.cpp" />
		<Unit filename="../Underlight/cReportGoal.h" />
		<Unit filename="../Underlight/cReviewGoals.cpp" />
		<Unit filename="../Underlight/cReviewGoals.h" />
		<Unit filename="../Underlight/cSending.cpp" />
		<Unit filename="../Underlight/cSending.h" />
		<Unit filename="../Underlight/cWave.h" />
		<Unit filename="../Underlight/ico00001.ico" />
		<Unit filename="../Underlight/ico00002.ico" />
		<Unit filename="../Underlight/index.html" />
		<Unit filename="../Underlight/pmare.ico" />
		<Unit filename="../Underlight/resource.h" />
		<Unit filename="../Underlight/txtrload.h" />
		<Unit filename="../Underlight/v5_structs.h" />
		<Unit filename="../Underlight/wbox.h" />
		<Unit filename="../Underlight/zconf.h" />
		<Unit filename="../Underlight/zlib.h" />
		<Unit filename="../underlight/LanguageFilter.cpp" />
		<Unit filename="../underlight/LevelRoomNames.cpp" />
		<Unit filename="Agents.cpp" />
		<Unit filename="IsAgent.h" />
		<Unit filename="MAIN.CPP" />
		<Unit filename="Resource.h" />
		<Unit filename="cBanner.cpp" />
		<Unit filename="cControlPanel.cpp" />
		<Unit filename="cDDraw.cpp" />
		<Unit filename="cDSound.cpp" />
		<Extensions>
			<code_completion />
			<envvars />
			<debugger />
		</Extensions>
	</Project>
</CodeBlocks_project_file>
