<?xml version="1.0" encoding="utf-8"?>
<Project ToolsVersion="4.0" xmlns="http://schemas.microsoft.com/developer/msbuild/2003">
  <ItemGroup>
    <Filter Include="Source Files">
      <UniqueIdentifier>{02a15545-a632-44b2-86ec-97f0a57f92d2}</UniqueIdentifier>
      <Extensions>cpp;c;cxx;rc;def;r;odl;idl;hpj;bat</Extensions>
    </Filter>
    <Filter Include="Header Files">
      <UniqueIdentifier>{1a2c04bd-4712-49fa-bf22-e1c1d88e0fc0}</UniqueIdentifier>
      <Extensions>h;hpp;hxx;hm;inl</Extensions>
    </Filter>
    <Filter Include="Resource Files">
      <UniqueIdentifier>{269dda23-7a32-4756-85eb-140cebca2a92}</UniqueIdentifier>
      <Extensions>ico;cur;bmp;dlg;rc2;rct;bin;cnt;rtf;gif;jpg;jpeg;jpe</Extensions>
    </Filter>
  </ItemGroup>
  <ItemGroup>
    <ClCompile Include="Agents.cpp">
      <Filter>Source Files</Filter>
    </ClCompile>
    <ClCompile Include="..\Underlight\BuildView.cpp">
      <Filter>Source Files</Filter>
    </ClCompile>
    <ClCompile Include="..\Underlight\cActor.cpp">
      <Filter>Source Files</Filter>
    </ClCompile>
    <ClCompile Include="..\Underlight\cActorList.cpp">
      <Filter>Source Files</Filter>
    </ClCompile>
    <ClCompile Include="..\Underlight\cAgentBox.cpp">
      <Filter>Source Files</Filter>
    </ClCompile>
    <ClCompile Include="..\Underlight\cAgentDaemon.cpp">
      <Filter>Source Files</Filter>
    </ClCompile>
    <ClCompile Include="..\Underlight\cAgentServer.cpp">
      <Filter>Source Files</Filter>
    </ClCompile>
    <ClCompile Include="..\Underlight\cAI.cpp">
      <Filter>Source Files</Filter>
    </ClCompile>
    <ClCompile Include="..\Underlight\cArts.cpp">
      <Filter>Source Files</Filter>
    </ClCompile>
    <ClCompile Include="cBanner.cpp">
      <Filter>Source Files</Filter>
    </ClCompile>
    <ClCompile Include="..\Underlight\cBox.cpp">
      <Filter>Source Files</Filter>
    </ClCompile>
    <ClCompile Include="..\Underlight\cChat.cpp">
      <Filter>Source Files</Filter>
    </ClCompile>
    <ClCompile Include="cControlPanel.cpp">
      <Filter>Source Files</Filter>
    </ClCompile>
    <ClCompile Include="cDDraw.cpp">
      <Filter>Source Files</Filter>
    </ClCompile>
    <ClCompile Include="..\Underlight\cDetailGoal.cpp">
      <Filter>Source Files</Filter>
    </ClCompile>
    <ClCompile Include="..\Underlight\cDetailQuest.cpp">
      <Filter>Source Files</Filter>
    </ClCompile>
    <ClCompile Include="cDSound.cpp">
      <Filter>Source Files</Filter>
    </ClCompile>
    <ClCompile Include="..\Underlight\cEffects.cpp">
      <Filter>Source Files</Filter>
    </ClCompile>
    <ClCompile Include="..\Underlight\cGameServer.cpp">
      <Filter>Source Files</Filter>
    </ClCompile>
    <ClCompile Include="..\Underlight\cGif.cpp">
      <Filter>Source Files</Filter>
    </ClCompile>
    <ClCompile Include="..\Underlight\cGoalBook.cpp">
      <Filter>Source Files</Filter>
    </ClCompile>
    <ClCompile Include="..\Underlight\cGoalPosting.cpp">
      <Filter>Source Files</Filter>
    </ClCompile>
    <ClCompile Include="..\Underlight\cGoalQuestProcs.cpp">
      <Filter>Source Files</Filter>
    </ClCompile>
    <ClCompile Include="..\Underlight\cItem.cpp">
      <Filter>Source Files</Filter>
    </ClCompile>
    <ClCompile Include="..\Underlight\cKeymap.cpp">
      <Filter>Source Files</Filter>
    </ClCompile>
    <ClCompile Include="..\Underlight\cLevel.cpp">
      <Filter>Source Files</Filter>
    </ClCompile>
    <ClCompile Include="..\Underlight\cList.cpp">
      <Filter>Source Files</Filter>
    </ClCompile>
    <ClCompile Include="..\Underlight\cMissile.cpp">
      <Filter>Source Files</Filter>
    </ClCompile>
    <ClCompile Include="..\Underlight\cNameTag.cpp">
      <Filter>Source Files</Filter>
    </ClCompile>
    <ClCompile Include="..\Underlight\cNeighbor.cpp">
      <Filter>Source Files</Filter>
    </ClCompile>
    <ClCompile Include="..\Underlight\cOrnament.cpp">
      <Filter>Source Files</Filter>
    </ClCompile>
    <ClCompile Include="..\Underlight\cOutput.cpp">
      <Filter>Source Files</Filter>
    </ClCompile>
    <ClCompile Include="..\Underlight\cPalettes.cpp">
      <Filter>Source Files</Filter>
    </ClCompile>
    <ClCompile Include="..\Underlight\cParty.cpp">
      <Filter>Source Files</Filter>
    </ClCompile>
    <ClCompile Include="..\Underlight\cPlayer.cpp">
      <Filter>Source Files</Filter>
    </ClCompile>
    <ClCompile Include="..\Underlight\cPostGoal.cpp">
      <Filter>Source Files</Filter>
    </ClCompile>
    <ClCompile Include="..\Underlight\cPostQuest.cpp">
      <Filter>Source Files</Filter>
    </ClCompile>
    <ClCompile Include="..\Underlight\cQuestBuilder.cpp">
      <Filter>Source Files</Filter>
    </ClCompile>
    <ClCompile Include="..\Underlight\cReadGoal.cpp">
      <Filter>Source Files</Filter>
    </ClCompile>
    <ClCompile Include="..\Underlight\cReadQuest.cpp">
      <Filter>Source Files</Filter>
    </ClCompile>
    <ClCompile Include="..\Underlight\cReadReport.cpp">
      <Filter>Source Files</Filter>
    </ClCompile>
    <ClCompile Include="..\Underlight\CreateFrame.cpp">
      <Filter>Source Files</Filter>
    </ClCompile>
    <ClCompile Include="..\Underlight\cReportGoal.cpp">
      <Filter>Source Files</Filter>
    </ClCompile>
    <ClCompile Include="..\Underlight\cReviewGoals.cpp">
      <Filter>Source Files</Filter>
    </ClCompile>
    <ClCompile Include="..\Underlight\cSending.cpp">
      <Filter>Source Files</Filter>
    </ClCompile>
    <ClCompile Include="..\Underlight\Debug.cpp">
      <Filter>Source Files</Filter>
    </ClCompile>
    <ClCompile Include="..\Underlight\Dialogs.cpp">
      <Filter>Source Files</Filter>
    </ClCompile>
    <ClCompile Include="..\Underlight\Interface.cpp">
      <Filter>Source Files</Filter>
    </ClCompile>
    <ClCompile Include="..\Underlight\Keyboard.cpp">
      <Filter>Source Files</Filter>
    </ClCompile>
    <ClCompile Include="..\underlight\LanguageFilter.cpp">
      <Filter>Source Files</Filter>
    </ClCompile>
    <ClCompile Include="..\underlight\LevelRoomNames.cpp">
      <Filter>Source Files</Filter>
    </ClCompile>
    <ClCompile Include="..\Underlight\LoginOptions.cpp">
      <Filter>Source Files</Filter>
    </ClCompile>
    <ClCompile Include="MAIN.CPP">
      <Filter>Source Files</Filter>
    </ClCompile>
    <ClCompile Include="..\Underlight\Mouse.cpp">
      <Filter>Source Files</Filter>
    </ClCompile>
    <ClCompile Include="..\Underlight\Move.cpp">
      <Filter>Source Files</Filter>
    </ClCompile>
    <ClCompile Include="..\Underlight\Options.cpp">
      <Filter>Source Files</Filter>
    </ClCompile>
    <ClCompile Include="..\Underlight\Realm.cpp">
      <Filter>Source Files</Filter>
    </ClCompile>
    <ClCompile Include="..\Underlight\RenderActor.cpp">
      <Filter>Source Files</Filter>
    </ClCompile>
    <ClCompile Include="..\Underlight\RenderView.cpp">
      <Filter>Source Files</Filter>
    </ClCompile>
    <ClCompile Include="..\Underlight\RLE.cpp">
      <Filter>Source Files</Filter>
    </ClCompile>
    <ClCompile Include="..\Underlight\Utils.cpp">
      <Filter>Source Files</Filter>
    </ClCompile>
  </ItemGroup>
  <ItemGroup>
    <ResourceCompile Include="..\Underlight\Underlight.rc">
      <Filter>Source Files</Filter>
    </ResourceCompile>
  </ItemGroup>
  <ItemGroup>
    <ClInclude Include="..\Underlight\4dx.h">
      <Filter>Header Files</Filter>
    </ClInclude>
    <ClInclude Include="..\Underlight\actor.h">
      <Filter>Header Files</Filter>
    </ClInclude>
    <ClInclude Include="..\Underlight\Agent.h">
      <Filter>Header Files</Filter>
    </ClInclude>
    <ClInclude Include="..\Underlight\cActor.h">
      <Filter>Header Files</Filter>
    </ClInclude>
    <ClInclude Include="..\Underlight\cActorList.h">
      <Filter>Header Files</Filter>
    </ClInclude>
    <ClInclude Include="..\Underlight\cAgentBox.h">
      <Filter>Header Files</Filter>
    </ClInclude>
    <ClInclude Include="..\Underlight\cAgentDaemon.h">
      <Filter>Header Files</Filter>
    </ClInclude>
    <ClInclude Include="..\Underlight\cAgentServer.h">
      <Filter>Header Files</Filter>
    </ClInclude>
    <ClInclude Include="..\Underlight\cAI.h">
      <Filter>Header Files</Filter>
    </ClInclude>
    <ClInclude Include="..\Underlight\cArts.h">
      <Filter>Header Files</Filter>
    </ClInclude>
    <ClInclude Include="..\Underlight\cBackgroundMusic.h">
      <Filter>Header Files</Filter>
    </ClInclude>
    <ClInclude Include="..\Underlight\cBanner.h">
      <Filter>Header Files</Filter>
    </ClInclude>
    <ClInclude Include="..\Underlight\cChat.h">
      <Filter>Header Files</Filter>
    </ClInclude>
    <ClInclude Include="..\Underlight\cChat_singleline.h">
      <Filter>Header Files</Filter>
    </ClInclude>
    <ClInclude Include="..\Underlight\cClient.h">
      <Filter>Header Files</Filter>
    </ClInclude>
    <ClInclude Include="..\Underlight\cControlPanel.h">
      <Filter>Header Files</Filter>
    </ClInclude>
    <ClInclude Include="..\Underlight\cDDraw.h">
      <Filter>Header Files</Filter>
    </ClInclude>
    <ClInclude Include="..\Underlight\cDetailGoal.h">
      <Filter>Header Files</Filter>
    </ClInclude>
    <ClInclude Include="..\Underlight\cDSound.h">
      <Filter>Header Files</Filter>
    </ClInclude>
    <ClInclude Include="..\Underlight\cEffects.h">
      <Filter>Header Files</Filter>
    </ClInclude>
    <ClInclude Include="..\Underlight\Central.h">
      <Filter>Header Files</Filter>
    </ClInclude>
    <ClInclude Include="..\Underlight\cGameServer.h">
      <Filter>Header Files</Filter>
    </ClInclude>
    <ClInclude Include="..\Underlight\cGif.h">
      <Filter>Header Files</Filter>
    </ClInclude>
    <ClInclude Include="..\Underlight\cGoalBook.h">
      <Filter>Header Files</Filter>
    </ClInclude>
    <ClInclude Include="..\Underlight\cGoalPosting.h">
      <Filter>Header Files</Filter>
    </ClInclude>
    <ClInclude Include="..\Underlight\cItem.h">
      <Filter>Header Files</Filter>
    </ClInclude>
    <ClInclude Include="..\Underlight\cKeymap.h">
      <Filter>Header Files</Filter>
    </ClInclude>
    <ClInclude Include="..\Underlight\cLevel.h">
      <Filter>Header Files</Filter>
    </ClInclude>
    <ClInclude Include="..\Underlight\cList.h">
      <Filter>Header Files</Filter>
    </ClInclude>
    <ClInclude Include="..\Underlight\cMissile.h">
      <Filter>Header Files</Filter>
    </ClInclude>
    <ClInclude Include="..\Underlight\cNameTag.h">
      <Filter>Header Files</Filter>
    </ClInclude>
    <ClInclude Include="..\Underlight\cNeighbor.h">
      <Filter>Header Files</Filter>
    </ClInclude>
    <ClInclude Include="..\Underlight\cOrnament.h">
      <Filter>Header Files</Filter>
    </ClInclude>
    <ClInclude Include="..\Underlight\cOutput.h">
      <Filter>Header Files</Filter>
    </ClInclude>
    <ClInclude Include="..\Underlight\cPalettes.h">
      <Filter>Header Files</Filter>
    </ClInclude>
    <ClInclude Include="..\Underlight\cParty.h">
      <Filter>Header Files</Filter>
    </ClInclude>
    <ClInclude Include="..\Underlight\cPlayer.h">
      <Filter>Header Files</Filter>
    </ClInclude>
    <ClInclude Include="..\Underlight\cPostGoal.h">
      <Filter>Header Files</Filter>
    </ClInclude>
    <ClInclude Include="..\Underlight\cReadGoal.h">
      <Filter>Header Files</Filter>
    </ClInclude>
    <ClInclude Include="..\Underlight\cReadReport.h">
      <Filter>Header Files</Filter>
    </ClInclude>
    <ClInclude Include="..\Underlight\cReportGoal.h">
      <Filter>Header Files</Filter>
    </ClInclude>
    <ClInclude Include="..\Underlight\cReviewGoals.h">
      <Filter>Header Files</Filter>
    </ClInclude>
    <ClInclude Include="..\Underlight\cSending.h">
      <Filter>Header Files</Filter>
    </ClInclude>
    <ClInclude Include="..\Underlight\cWave.h">
      <Filter>Header Files</Filter>
    </ClInclude>
    <ClInclude Include="..\Underlight\Dialogs.h">
      <Filter>Header Files</Filter>
    </ClInclude>
    <ClInclude Include="..\Underlight\Effects.h">
      <Filter>Header Files</Filter>
    </ClInclude>
    <ClInclude Include="..\Underlight\GsChecksums.h">
      <Filter>Header Files</Filter>
    </ClInclude>
    <ClInclude Include="..\Underlight\Interface.h">
      <Filter>Header Files</Filter>
    </ClInclude>
    <ClInclude Include="IsAgent.h">
      <Filter>Header Files</Filter>
    </ClInclude>
    <ClInclude Include="..\Underlight\Keyboard.h">
      <Filter>Header Files</Filter>
    </ClInclude>
    <ClInclude Include="..\Underlight\LoginOptions.h">
      <Filter>Header Files</Filter>
    </ClInclude>
    <ClInclude Include="..\Underlight\Main.h">
      <Filter>Header Files</Filter>
    </ClInclude>
    <ClInclude Include="..\Underlight\Mouse.h">
      <Filter>Header Files</Filter>
    </ClInclude>
    <ClInclude Include="..\Underlight\Move.h">
      <Filter>Header Files</Filter>
    </ClInclude>
    <ClInclude Include="..\Underlight\Options.h">
      <Filter>Header Files</Filter>
    </ClInclude>
    <ClInclude Include="..\Underlight\Realm.h">
      <Filter>Header Files</Filter>
    </ClInclude>
    <ClInclude Include="..\Underlight\RenderActor.h">
      <Filter>Header Files</Filter>
    </ClInclude>
    <ClInclude Include="..\Underlight\RenderView.h">
      <Filter>Header Files</Filter>
    </ClInclude>
    <ClInclude Include="..\Underlight\resource.h">
      <Filter>Header Files</Filter>
    </ClInclude>
    <ClInclude Include="..\Underlight\RLE.h">
      <Filter>Header Files</Filter>
    </ClInclude>
    <ClInclude Include="..\Underlight\Secure.h">
      <Filter>Header Files</Filter>
    </ClInclude>
    <ClInclude Include="..\Underlight\SharedConstants.h">
      <Filter>Header Files</Filter>
    </ClInclude>
    <ClInclude Include="..\Underlight\txtrload.h">
      <Filter>Header Files</Filter>
    </ClInclude>
    <ClInclude Include="..\Underlight\Utils.h">
      <Filter>Header Files</Filter>
    </ClInclude>
    <ClInclude Include="..\Underlight\v5_structs.h">
      <Filter>Header Files</Filter>
    </ClInclude>
    <ClInclude Include="..\Underlight\wbox.h">
      <Filter>Header Files</Filter>
    </ClInclude>
    <ClInclude Include="..\Underlight\zconf.h">
      <Filter>Header Files</Filter>
    </ClInclude>
    <ClInclude Include="..\Underlight\zlib.h">
      <Filter>Header Files</Filter>
    </ClInclude>
    <ClInclude Include="Resource.h">
      <Filter>Resource Files</Filter>
    </ClInclude>
  </ItemGroup>
  <ItemGroup>
    <None Include="..\Underlight\Lyra.ico">
      <Filter>Resource Files</Filter>
    </None>
    <None Include="..\Underlight\pmare.ico">
      <Filter>Resource Files</Filter>
    </None>
    <None Include="..\Underlight\Target.bmp">
      <Filter>Resource Files</Filter>
    </None>
    <None Include="..\Underlight\AgentSvr.rgs" />
    <None Include="..\Underlight\index.html" />
  </ItemGroup>
</Project>