<?xml version="1.0" encoding="UTF-8" standalone="yes" ?>
<CodeBlocks_project_file>
	<FileVersion major="1" minor="6" />
	<Project>
		<Option title="AgentSvc" />
		<Option pch_mode="2" />
		<Option compiler="gcc" />
		<Build>
			<Target title="Unicode Win32">
				<Option output="./Unicode/AgentSvc" prefix_auto="1" extension_auto="1" />
				<Option object_output="./Unicode/" />
				<Option deps_output="./Unicode/" />
				<Option type="0" />
				<Option compiler="gcc" />
				<Compiler>
					<Add option="-D_MBCS" />
					<Add option="-D_DEBUG" />
					<Add option="-DWIN32" />
					<Add option="-D_WINDOWS" />
					<Add option="-DUNICODE" />
					<Add option="-O0" />
					<Add option="-Wall" />
					<Add directory="../MessageMaker/" />
					<Add directory="../AgentMessages/" />
					<Add directory="../AgentSvr/" />
					<Add directory="../Underlight/" />
					<Add directory="../DXSDK/SDK/inc/" />
					<Add directory="../RWSDK/inc/" />
				</Compiler>
				<Linker>
					<Add library="winmm.lib" />
					<Add library="comctl32.lib" />
					<Add library="kernel32.lib" />
					<Add library="user32.lib" />
					<Add library="gdi32.lib" />
					<Add library="winspool.lib" />
					<Add library="comdlg32.lib" />
					<Add library="advapi32.lib" />
					<Add library="shell32.lib" />
					<Add library="ole32.lib" />
					<Add library="oleaut32.lib" />
					<Add library="uuid.lib" />
					<Add library="odbc32.lib" />
					<Add library="odbccp32.lib" />
				</Linker>
			</Target>
			<Target title="Debug Win32">
				<Option output="/Lyra/Dev/AgentSvc" prefix_auto="1" extension_auto="1" />
				<Option object_output="./Debug/" />
				<Option deps_output="C:/lyra/dev/" />
				<Option type="0" />
				<Option compiler="gcc" />
				<Compiler>
					<Add option="-g" />
					<Add option="-DWIN32" />
					<Add option="-D_DEBUG" />
					<Add option="-D_WINDOWS" />
					<Add option="-O0" />
					<Add option="-Wall" />
					<Add directory="../MessageMaker/" />
					<Add directory="../AgentMessages/" />
					<Add directory="../AgentSvr/" />
					<Add directory="../Underlight/" />
					<Add directory="../DXSDK/SDK/inc/" />
					<Add directory="../RWSDK/inc/" />
				</Compiler>
				<Linker>
					<Add library="winmm.lib" />
					<Add library="comctl32.lib" />
					<Add library="kernel32.lib" />
					<Add library="user32.lib" />
					<Add library="gdi32.lib" />
					<Add library="winspool.lib" />
					<Add library="comdlg32.lib" />
					<Add library="advapi32.lib" />
					<Add library="shell32.lib" />
					<Add library="ole32.lib" />
					<Add library="oleaut32.lib" />
					<Add library="uuid.lib" />
					<Add library="odbc32.lib" />
					<Add library="odbccp32.lib" />
				</Linker>
			</Target>
			<Target title="Release Win32">
				<Option output="/Lyra/Dev/AgentSvc" prefix_auto="1" extension_auto="1" />
				<Option object_output="./Release/" />
				<Option deps_output="C:/lyra/prod/" />
				<Option type="0" />
				<Option compiler="gcc" />
				<Compiler>
					<Add option="-DWIN32" />
					<Add option="-DNDEBUG" />
					<Add option="-D_WINDOWS" />
					<Add option="-Os" />
					<Add option="-Wall" />
					<Add directory="../MessageMaker/" />
					<Add directory="../AgentMessages/" />
					<Add directory="../AgentSvr/" />
					<Add directory="../Underlight/" />
					<Add directory="../DXSDK/SDK/inc/" />
					<Add directory="../RWSDK/inc/" />
				</Compiler>
				<Linker>
					<Add option="-s" />
					<Add library="winmm.lib" />
					<Add library="comctl32.lib" />
					<Add library="kernel32.lib" />
					<Add library="user32.lib" />
					<Add library="gdi32.lib" />
					<Add library="winspool.lib" />
					<Add library="comdlg32.lib" />
					<Add library="advapi32.lib" />
					<Add library="shell32.lib" />
					<Add library="ole32.lib" />
					<Add library="oleaut32.lib" />
					<Add library="uuid.lib" />
					<Add library="odbc32.lib" />
					<Add library="odbccp32.lib" />
				</Linker>
			</Target>
		</Build>
		<Unit filename="AgentSvc.cpp" />
		<Unit filename="AgentSvc.rc">
			<Option compilerVar="WINDRES" />
		</Unit>
		<Unit filename="AgentSvc.rgs" />
		<Unit filename="Constants.h" />
		<Unit filename="Resource.h" />
		<Unit filename="StdAfx.cpp" />
		<Unit filename="StdAfx.h" />
		<Extensions>
			<code_completion />
			<envvars />
			<debugger />
		</Extensions>
	</Project>
</CodeBlocks_project_file>
