<?xml version="1.0" encoding="utf-8"?>
<Project ToolsVersion="4.0" xmlns="http://schemas.microsoft.com/developer/msbuild/2003">
  <ItemGroup>
    <Filter Include="Source Files">
      <UniqueIdentifier>{ee2e261a-1d99-4129-b7a1-518ba1feb89e}</UniqueIdentifier>
      <Extensions>cpp;c;cxx;rc;def;r;odl;hpj;bat;for;f90</Extensions>
    </Filter>
    <Filter Include="Header Files">
      <UniqueIdentifier>{10789886-a475-4448-8cad-ae2d648188c9}</UniqueIdentifier>
      <Extensions>h;hpp;hxx;hm;inl;fi;fd</Extensions>
    </Filter>
    <Filter Include="Resource Files">
      <UniqueIdentifier>{8adec621-55d6-4087-b276-1eb7f91373fc}</UniqueIdentifier>
      <Extensions>ico;cur;bmp;dlg;rc2;rct;bin;cnt;rtf;gif;jpg;jpeg;jpe</Extensions>
    </Filter>
  </ItemGroup>
  <ItemGroup>
    <ClCompile Include="cBmp.cpp">
      <Filter>Source Files</Filter>
    </ClCompile>
    <ClCompile Include="..\Underlight\cBox.cpp">
      <Filter>Source Files</Filter>
    </ClCompile>
    <ClCompile Include="..\Underlight\cGif.cpp">
      <Filter>Source Files</Filter>
    </ClCompile>
    <ClCompile Include="cWave.cpp">
      <Filter>Source Files</Filter>
    </ClCompile>
    <ClCompile Include="EffectMaker.cpp">
      <Filter>Source Files</Filter>
    </ClCompile>
    <ClCompile Include="..\Underlight\RLE.cpp">
      <Filter>Source Files</Filter>
    </ClCompile>
  </ItemGroup>
  <ItemGroup>
    <ClInclude Include="agent.h">
      <Filter>Header Files</Filter>
    </ClInclude>
    <ClInclude Include="cBmp.h">
      <Filter>Header Files</Filter>
    </ClInclude>
    <ClInclude Include="..\Underlight\Central.h">
      <Filter>Header Files</Filter>
    </ClInclude>
    <ClInclude Include="..\Underlight\cGif.h">
      <Filter>Header Files</Filter>
    </ClInclude>
    <ClInclude Include="cWave.h">
      <Filter>Header Files</Filter>
    </ClInclude>
    <ClInclude Include="..\Underlight\RLE.h">
      <Filter>Header Files</Filter>
    </ClInclude>
    <ClInclude Include="..\Underlight\wbox.h">
      <Filter>Header Files</Filter>
    </ClInclude>
  </ItemGroup>
</Project>